
Microsoft Visual Studio Solution File, Format Version 12.00
# Visual Studio Version 17
VisualStudioVersion = 17.0.31903.59
MinimumVisualStudioVersion = 10.0.40219.1
Project("{9A19103F-16F7-4668-BE54-9A1E7A4F7556}") = "MySite", "MySite\MySite.csproj", "{ADE8213C-82DC-4311-88FC-584E48AA16BA}"
EndProject
Project("{9A19103F-16F7-4668-BE54-9A1E7A4F7556}") = "MySite.API", "MySite.API\MySite.API.csproj", "{1D670C78-3D9F-4F66-929A-D6F1EB344BCB}"
EndProject
Project("{9A19103F-16F7-4668-BE54-9A1E7A4F7556}") = "MySite.Shared", "MySite.Shared\MySite.Shared.csproj", "{64CDC4E8-3434-467E-843B-D351C96C0BAE}"
EndProject
Global
	GlobalSection(SolutionConfigurationPlatforms) = preSolution
		Debug|Any CPU = Debug|Any CPU
		Release|Any CPU = Release|Any CPU
	EndGlobalSection
	GlobalSection(ProjectConfigurationPlatforms) = postSolution
		{ADE8213C-82DC-4311-88FC-584E48AA16BA}.Debug|Any CPU.ActiveCfg = Debug|Any CPU
		{ADE8213C-82DC-4311-88FC-584E48AA16BA}.Debug|Any CPU.Build.0 = Debug|Any CPU
		{ADE8213C-82DC-4311-88FC-584E48AA16BA}.Release|Any CPU.ActiveCfg = Release|Any CPU
		{ADE8213C-82DC-4311-88FC-584E48AA16BA}.Release|Any CPU.Build.0 = Release|Any CPU
		{1D670C78-3D9F-4F66-929A-D6F1EB344BCB}.Debug|Any CPU.ActiveCfg = Debug|Any CPU
		{1D670C78-3D9F-4F66-929A-D6F1EB344BCB}.Debug|Any CPU.Build.0 = Debug|Any CPU
		{1D670C78-3D9F-4F66-929A-D6F1EB344BCB}.Release|Any CPU.ActiveCfg = Release|Any CPU
		{1D670C78-3D9F-4F66-929A-D6F1EB344BCB}.Release|Any CPU.Build.0 = Release|Any CPU
		{64CDC4E8-3434-467E-843B-D351C96C0BAE}.Debug|Any CPU.ActiveCfg = Debug|Any CPU
		{64CDC4E8-3434-467E-843B-D351C96C0BAE}.Debug|Any CPU.Build.0 = Debug|Any CPU
		{64CDC4E8-3434-467E-843B-D351C96C0BAE}.Release|Any CPU.ActiveCfg = Release|Any CPU
		{64CDC4E8-3434-467E-843B-D351C96C0BAE}.Release|Any CPU.Build.0 = Release|Any CPU
	EndGlobalSection
	GlobalSection(SolutionProperties) = preSolution
		HideSolutionNode = FALSE
	EndGlobalSection
EndGlobal
